
Microsoft Visual Studio Solution File, Format Version 12.00
# Visual Studio Version 17
VisualStudioVersion = 17.5.33627.172
MinimumVisualStudioVersion = 10.0.40219.1
Project("{FAE04EC0-301F-11D3-BF4B-00C04F79EFBC}") = "CloudForge", "CloudForge\CloudForge.csproj", "{8C80AD3E-D60D-410E-A193-AFC7CC502D50}"
EndProject
Project("{FAE04EC0-301F-11D3-BF4B-00C04F79EFBC}") = "CloudForge.Server", "CloudForge.Server\CloudForge.Server.csproj", "{D2F98BEF-3642-4454-885A-7AE3865372BD}"
EndProject
Project("{FAE04EC0-301F-11D3-BF4B-00C04F79EFBC}") = "CloudForge.DataContracts", "CloudForge.DataContracts\CloudForge.DataContracts.csproj", "{AE587DBA-1971-4CE2-9907-C1009750281C}"
EndProject
Project("{FAE04EC0-301F-11D3-BF4B-00C04F79EFBC}") = "CloudForge.Tests", "CloudForge.Tests\CloudForge.Tests.csproj", "{1EB7E970-11FD-4794-9D35-F3AD00F8A48A}"
EndProject
Project("{FAE04EC0-301F-11D3-BF4B-00C04F79EFBC}") = "CloudForge.UITests", "CloudForge.UITests\CloudForge.UITests.csproj", "{4AD8BE0D-4747-4A79-919E-2B42DD06BF1A}"
EndProject
Project("{FAE04EC0-301F-11D3-BF4B-00C04F79EFBC}") = "CloudForge.Mobile", "CloudForge.Mobile\CloudForge.Mobile.csproj", "{B82570EB-7F75-4578-AB8B-1C59E361104A}"
EndProject
Project("{FAE04EC0-301F-11D3-BF4B-00C04F79EFBC}") = "CloudForge.Windows", "CloudForge.Windows\CloudForge.Windows.csproj", "{67AB3A70-355C-4E31-9D03-F5E27ACCC6DD}"
EndProject
Project("{FAE04EC0-301F-11D3-BF4B-00C04F79EFBC}") = "CloudForge.Wasm", "CloudForge.Wasm\CloudForge.Wasm.csproj", "{6FFFF03C-91C9-44E0-BB5E-D7731AD02E11}"
EndProject
Project("{FAE04EC0-301F-11D3-BF4B-00C04F79EFBC}") = "CloudForge.Skia.Gtk", "CloudForge.Skia.Gtk\CloudForge.Skia.Gtk.csproj", "{EB1F8053-90AE-4A5C-8456-3828495F5EE3}"
EndProject
Global
	GlobalSection(SolutionConfigurationPlatforms) = preSolution
		Debug|Any CPU = Debug|Any CPU
		Debug|arm64 = Debug|arm64
		Debug|x64 = Debug|x64
		Debug|x86 = Debug|x86
		Release|Any CPU = Release|Any CPU
		Release|arm64 = Release|arm64
		Release|x64 = Release|x64
		Release|x86 = Release|x86
	EndGlobalSection
	GlobalSection(ProjectConfigurationPlatforms) = postSolution
		{8C80AD3E-D60D-410E-A193-AFC7CC502D50}.Debug|Any CPU.ActiveCfg = Debug|Any CPU
		{8C80AD3E-D60D-410E-A193-AFC7CC502D50}.Debug|Any CPU.Build.0 = Debug|Any CPU
		{8C80AD3E-D60D-410E-A193-AFC7CC502D50}.Debug|arm64.ActiveCfg = Debug|Any CPU
		{8C80AD3E-D60D-410E-A193-AFC7CC502D50}.Debug|arm64.Build.0 = Debug|Any CPU
		{8C80AD3E-D60D-410E-A193-AFC7CC502D50}.Debug|x64.ActiveCfg = Debug|Any CPU
		{8C80AD3E-D60D-410E-A193-AFC7CC502D50}.Debug|x64.Build.0 = Debug|Any CPU
		{8C80AD3E-D60D-410E-A193-AFC7CC502D50}.Debug|x86.ActiveCfg = Debug|Any CPU
		{8C80AD3E-D60D-410E-A193-AFC7CC502D50}.Debug|x86.Build.0 = Debug|Any CPU
		{8C80AD3E-D60D-410E-A193-AFC7CC502D50}.Release|Any CPU.ActiveCfg = Release|Any CPU
		{8C80AD3E-D60D-410E-A193-AFC7CC502D50}.Release|Any CPU.Build.0 = Release|Any CPU
		{8C80AD3E-D60D-410E-A193-AFC7CC502D50}.Release|arm64.ActiveCfg = Release|Any CPU
		{8C80AD3E-D60D-410E-A193-AFC7CC502D50}.Release|arm64.Build.0 = Release|Any CPU
		{8C80AD3E-D60D-410E-A193-AFC7CC502D50}.Release|x64.ActiveCfg = Release|Any CPU
		{8C80AD3E-D60D-410E-A193-AFC7CC502D50}.Release|x64.Build.0 = Release|Any CPU
		{8C80AD3E-D60D-410E-A193-AFC7CC502D50}.Release|x86.ActiveCfg = Release|Any CPU
		{8C80AD3E-D60D-410E-A193-AFC7CC502D50}.Release|x86.Build.0 = Release|Any CPU
		{D2F98BEF-3642-4454-885A-7AE3865372BD}.Debug|Any CPU.ActiveCfg = Debug|Any CPU
		{D2F98BEF-3642-4454-885A-7AE3865372BD}.Debug|Any CPU.Build.0 = Debug|Any CPU
		{D2F98BEF-3642-4454-885A-7AE3865372BD}.Debug|arm64.ActiveCfg = Debug|Any CPU
		{D2F98BEF-3642-4454-885A-7AE3865372BD}.Debug|arm64.Build.0 = Debug|Any CPU
		{D2F98BEF-3642-4454-885A-7AE3865372BD}.Debug|x64.ActiveCfg = Debug|Any CPU
		{D2F98BEF-3642-4454-885A-7AE3865372BD}.Debug|x64.Build.0 = Debug|Any CPU
		{D2F98BEF-3642-4454-885A-7AE3865372BD}.Debug|x86.ActiveCfg = Debug|Any CPU
		{D2F98BEF-3642-4454-885A-7AE3865372BD}.Debug|x86.Build.0 = Debug|Any CPU
		{D2F98BEF-3642-4454-885A-7AE3865372BD}.Release|Any CPU.ActiveCfg = Release|Any CPU
		{D2F98BEF-3642-4454-885A-7AE3865372BD}.Release|Any CPU.Build.0 = Release|Any CPU
		{D2F98BEF-3642-4454-885A-7AE3865372BD}.Release|arm64.ActiveCfg = Release|Any CPU
		{D2F98BEF-3642-4454-885A-7AE3865372BD}.Release|arm64.Build.0 = Release|Any CPU
		{D2F98BEF-3642-4454-885A-7AE3865372BD}.Release|x64.ActiveCfg = Release|Any CPU
		{D2F98BEF-3642-4454-885A-7AE3865372BD}.Release|x64.Build.0 = Release|Any CPU
		{D2F98BEF-3642-4454-885A-7AE3865372BD}.Release|x86.ActiveCfg = Release|Any CPU
		{D2F98BEF-3642-4454-885A-7AE3865372BD}.Release|x86.Build.0 = Release|Any CPU
		{AE587DBA-1971-4CE2-9907-C1009750281C}.Debug|Any CPU.ActiveCfg = Debug|Any CPU
		{AE587DBA-1971-4CE2-9907-C1009750281C}.Debug|Any CPU.Build.0 = Debug|Any CPU
		{AE587DBA-1971-4CE2-9907-C1009750281C}.Debug|arm64.ActiveCfg = Debug|Any CPU
		{AE587DBA-1971-4CE2-9907-C1009750281C}.Debug|arm64.Build.0 = Debug|Any CPU
		{AE587DBA-1971-4CE2-9907-C1009750281C}.Debug|x64.ActiveCfg = Debug|Any CPU
		{AE587DBA-1971-4CE2-9907-C1009750281C}.Debug|x64.Build.0 = Debug|Any CPU
		{AE587DBA-1971-4CE2-9907-C1009750281C}.Debug|x86.ActiveCfg = Debug|Any CPU
		{AE587DBA-1971-4CE2-9907-C1009750281C}.Debug|x86.Build.0 = Debug|Any CPU
		{AE587DBA-1971-4CE2-9907-C1009750281C}.Release|Any CPU.ActiveCfg = Release|Any CPU
		{AE587DBA-1971-4CE2-9907-C1009750281C}.Release|Any CPU.Build.0 = Release|Any CPU
		{AE587DBA-1971-4CE2-9907-C1009750281C}.Release|arm64.ActiveCfg = Release|Any CPU
		{AE587DBA-1971-4CE2-9907-C1009750281C}.Release|arm64.Build.0 = Release|Any CPU
		{AE587DBA-1971-4CE2-9907-C1009750281C}.Release|x64.ActiveCfg = Release|Any CPU
		{AE587DBA-1971-4CE2-9907-C1009750281C}.Release|x64.Build.0 = Release|Any CPU
		{AE587DBA-1971-4CE2-9907-C1009750281C}.Release|x86.ActiveCfg = Release|Any CPU
		{AE587DBA-1971-4CE2-9907-C1009750281C}.Release|x86.Build.0 = Release|Any CPU
		{1EB7E970-11FD-4794-9D35-F3AD00F8A48A}.Debug|Any CPU.ActiveCfg = Debug|Any CPU
		{1EB7E970-11FD-4794-9D35-F3AD00F8A48A}.Debug|Any CPU.Build.0 = Debug|Any CPU
		{1EB7E970-11FD-4794-9D35-F3AD00F8A48A}.Debug|arm64.ActiveCfg = Debug|Any CPU
		{1EB7E970-11FD-4794-9D35-F3AD00F8A48A}.Debug|arm64.Build.0 = Debug|Any CPU
		{1EB7E970-11FD-4794-9D35-F3AD00F8A48A}.Debug|x64.ActiveCfg = Debug|Any CPU
		{1EB7E970-11FD-4794-9D35-F3AD00F8A48A}.Debug|x64.Build.0 = Debug|Any CPU
		{1EB7E970-11FD-4794-9D35-F3AD00F8A48A}.Debug|x86.ActiveCfg = Debug|Any CPU
		{1EB7E970-11FD-4794-9D35-F3AD00F8A48A}.Debug|x86.Build.0 = Debug|Any CPU
		{1EB7E970-11FD-4794-9D35-F3AD00F8A48A}.Release|Any CPU.ActiveCfg = Release|Any CPU
		{1EB7E970-11FD-4794-9D35-F3AD00F8A48A}.Release|Any CPU.Build.0 = Release|Any CPU
		{1EB7E970-11FD-4794-9D35-F3AD00F8A48A}.Release|arm64.ActiveCfg = Release|Any CPU
		{1EB7E970-11FD-4794-9D35-F3AD00F8A48A}.Release|arm64.Build.0 = Release|Any CPU
		{1EB7E970-11FD-4794-9D35-F3AD00F8A48A}.Release|x64.ActiveCfg = Release|Any CPU
		{1EB7E970-11FD-4794-9D35-F3AD00F8A48A}.Release|x64.Build.0 = Release|Any CPU
		{1EB7E970-11FD-4794-9D35-F3AD00F8A48A}.Release|x86.ActiveCfg = Release|Any CPU
		{1EB7E970-11FD-4794-9D35-F3AD00F8A48A}.Release|x86.Build.0 = Release|Any CPU
		{4AD8BE0D-4747-4A79-919E-2B42DD06BF1A}.Debug|Any CPU.ActiveCfg = Debug|Any CPU
		{4AD8BE0D-4747-4A79-919E-2B42DD06BF1A}.Debug|Any CPU.Build.0 = Debug|Any CPU
		{4AD8BE0D-4747-4A79-919E-2B42DD06BF1A}.Debug|arm64.ActiveCfg = Debug|Any CPU
		{4AD8BE0D-4747-4A79-919E-2B42DD06BF1A}.Debug|arm64.Build.0 = Debug|Any CPU
		{4AD8BE0D-4747-4A79-919E-2B42DD06BF1A}.Debug|x64.ActiveCfg = Debug|Any CPU
		{4AD8BE0D-4747-4A79-919E-2B42DD06BF1A}.Debug|x64.Build.0 = Debug|Any CPU
		{4AD8BE0D-4747-4A79-919E-2B42DD06BF1A}.Debug|x86.ActiveCfg = Debug|Any CPU
		{4AD8BE0D-4747-4A79-919E-2B42DD06BF1A}.Debug|x86.Build.0 = Debug|Any CPU
		{4AD8BE0D-4747-4A79-919E-2B42DD06BF1A}.Release|Any CPU.ActiveCfg = Release|Any CPU
		{4AD8BE0D-4747-4A79-919E-2B42DD06BF1A}.Release|Any CPU.Build.0 = Release|Any CPU
		{4AD8BE0D-4747-4A79-919E-2B42DD06BF1A}.Release|arm64.ActiveCfg = Release|Any CPU
		{4AD8BE0D-4747-4A79-919E-2B42DD06BF1A}.Release|arm64.Build.0 = Release|Any CPU
		{4AD8BE0D-4747-4A79-919E-2B42DD06BF1A}.Release|x64.ActiveCfg = Release|Any CPU
		{4AD8BE0D-4747-4A79-919E-2B42DD06BF1A}.Release|x64.Build.0 = Release|Any CPU
		{4AD8BE0D-4747-4A79-919E-2B42DD06BF1A}.Release|x86.ActiveCfg = Release|Any CPU
		{4AD8BE0D-4747-4A79-919E-2B42DD06BF1A}.Release|x86.Build.0 = Release|Any CPU
		{B82570EB-7F75-4578-AB8B-1C59E361104A}.Debug|Any CPU.ActiveCfg = Debug|Any CPU
		{B82570EB-7F75-4578-AB8B-1C59E361104A}.Debug|Any CPU.Build.0 = Debug|Any CPU
		{B82570EB-7F75-4578-AB8B-1C59E361104A}.Debug|Any CPU.Deploy.0 = Debug|Any CPU
		{B82570EB-7F75-4578-AB8B-1C59E361104A}.Debug|arm64.ActiveCfg = Debug|Any CPU
		{B82570EB-7F75-4578-AB8B-1C59E361104A}.Debug|arm64.Build.0 = Debug|Any CPU
		{B82570EB-7F75-4578-AB8B-1C59E361104A}.Debug|arm64.Deploy.0 = Debug|Any CPU
		{B82570EB-7F75-4578-AB8B-1C59E361104A}.Debug|x64.ActiveCfg = Debug|Any CPU
		{B82570EB-7F75-4578-AB8B-1C59E361104A}.Debug|x64.Build.0 = Debug|Any CPU
		{B82570EB-7F75-4578-AB8B-1C59E361104A}.Debug|x64.Deploy.0 = Debug|Any CPU
		{B82570EB-7F75-4578-AB8B-1C59E361104A}.Debug|x86.ActiveCfg = Debug|Any CPU
		{B82570EB-7F75-4578-AB8B-1C59E361104A}.Debug|x86.Build.0 = Debug|Any CPU
		{B82570EB-7F75-4578-AB8B-1C59E361104A}.Debug|x86.Deploy.0 = Debug|Any CPU
		{B82570EB-7F75-4578-AB8B-1C59E361104A}.Release|Any CPU.ActiveCfg = Release|Any CPU
		{B82570EB-7F75-4578-AB8B-1C59E361104A}.Release|Any CPU.Build.0 = Release|Any CPU
		{B82570EB-7F75-4578-AB8B-1C59E361104A}.Release|Any CPU.Deploy.0 = Release|Any CPU
		{B82570EB-7F75-4578-AB8B-1C59E361104A}.Release|arm64.ActiveCfg = Release|Any CPU
		{B82570EB-7F75-4578-AB8B-1C59E361104A}.Release|arm64.Build.0 = Release|Any CPU
		{B82570EB-7F75-4578-AB8B-1C59E361104A}.Release|arm64.Deploy.0 = Release|Any CPU
		{B82570EB-7F75-4578-AB8B-1C59E361104A}.Release|x64.ActiveCfg = Release|Any CPU
		{B82570EB-7F75-4578-AB8B-1C59E361104A}.Release|x64.Build.0 = Release|Any CPU
		{B82570EB-7F75-4578-AB8B-1C59E361104A}.Release|x64.Deploy.0 = Release|Any CPU
		{B82570EB-7F75-4578-AB8B-1C59E361104A}.Release|x86.ActiveCfg = Release|Any CPU
		{B82570EB-7F75-4578-AB8B-1C59E361104A}.Release|x86.Build.0 = Release|Any CPU
		{B82570EB-7F75-4578-AB8B-1C59E361104A}.Release|x86.Deploy.0 = Release|Any CPU
		{67AB3A70-355C-4E31-9D03-F5E27ACCC6DD}.Debug|Any CPU.ActiveCfg = Debug|x64
		{67AB3A70-355C-4E31-9D03-F5E27ACCC6DD}.Debug|Any CPU.Build.0 = Debug|x64
		{67AB3A70-355C-4E31-9D03-F5E27ACCC6DD}.Debug|arm64.ActiveCfg = Debug|arm64
		{67AB3A70-355C-4E31-9D03-F5E27ACCC6DD}.Debug|arm64.Build.0 = Debug|arm64
		{67AB3A70-355C-4E31-9D03-F5E27ACCC6DD}.Debug|x64.ActiveCfg = Debug|x64
		{67AB3A70-355C-4E31-9D03-F5E27ACCC6DD}.Debug|x64.Build.0 = Debug|x64
		{67AB3A70-355C-4E31-9D03-F5E27ACCC6DD}.Debug|x86.ActiveCfg = Debug|x86
		{67AB3A70-355C-4E31-9D03-F5E27ACCC6DD}.Debug|x86.Build.0 = Debug|x86
		{67AB3A70-355C-4E31-9D03-F5E27ACCC6DD}.Release|Any CPU.ActiveCfg = Release|x64
		{67AB3A70-355C-4E31-9D03-F5E27ACCC6DD}.Release|Any CPU.Build.0 = Release|x64
		{67AB3A70-355C-4E31-9D03-F5E27ACCC6DD}.Release|arm64.ActiveCfg = Release|arm64
		{67AB3A70-355C-4E31-9D03-F5E27ACCC6DD}.Release|arm64.Build.0 = Release|arm64
		{67AB3A70-355C-4E31-9D03-F5E27ACCC6DD}.Release|x64.ActiveCfg = Release|x64
		{67AB3A70-355C-4E31-9D03-F5E27ACCC6DD}.Release|x64.Build.0 = Release|x64
		{67AB3A70-355C-4E31-9D03-F5E27ACCC6DD}.Release|x86.ActiveCfg = Release|x86
		{67AB3A70-355C-4E31-9D03-F5E27ACCC6DD}.Release|x86.Build.0 = Release|x86
		{6FFFF03C-91C9-44E0-BB5E-D7731AD02E11}.Debug|Any CPU.ActiveCfg = Debug|Any CPU
		{6FFFF03C-91C9-44E0-BB5E-D7731AD02E11}.Debug|Any CPU.Build.0 = Debug|Any CPU
		{6FFFF03C-91C9-44E0-BB5E-D7731AD02E11}.Debug|arm64.ActiveCfg = Debug|Any CPU
		{6FFFF03C-91C9-44E0-BB5E-D7731AD02E11}.Debug|arm64.Build.0 = Debug|Any CPU
		{6FFFF03C-91C9-44E0-BB5E-D7731AD02E11}.Debug|x64.ActiveCfg = Debug|Any CPU
		{6FFFF03C-91C9-44E0-BB5E-D7731AD02E11}.Debug|x64.Build.0 = Debug|Any CPU
		{6FFFF03C-91C9-44E0-BB5E-D7731AD02E11}.Debug|x86.ActiveCfg = Debug|Any CPU
		{6FFFF03C-91C9-44E0-BB5E-D7731AD02E11}.Debug|x86.Build.0 = Debug|Any CPU
		{6FFFF03C-91C9-44E0-BB5E-D7731AD02E11}.Release|Any CPU.ActiveCfg = Release|Any CPU
		{6FFFF03C-91C9-44E0-BB5E-D7731AD02E11}.Release|Any CPU.Build.0 = Release|Any CPU
		{6FFFF03C-91C9-44E0-BB5E-D7731AD02E11}.Release|arm64.ActiveCfg = Release|Any CPU
		{6FFFF03C-91C9-44E0-BB5E-D7731AD02E11}.Release|arm64.Build.0 = Release|Any CPU
		{6FFFF03C-91C9-44E0-BB5E-D7731AD02E11}.Release|x64.ActiveCfg = Release|Any CPU
		{6FFFF03C-91C9-44E0-BB5E-D7731AD02E11}.Release|x64.Build.0 = Release|Any CPU
		{6FFFF03C-91C9-44E0-BB5E-D7731AD02E11}.Release|x86.ActiveCfg = Release|Any CPU
		{6FFFF03C-91C9-44E0-BB5E-D7731AD02E11}.Release|x86.Build.0 = Release|Any CPU
		{EB1F8053-90AE-4A5C-8456-3828495F5EE3}.Debug|Any CPU.ActiveCfg = Debug|Any CPU
		{EB1F8053-90AE-4A5C-8456-3828495F5EE3}.Debug|Any CPU.Build.0 = Debug|Any CPU
		{EB1F8053-90AE-4A5C-8456-3828495F5EE3}.Debug|arm64.ActiveCfg = Debug|Any CPU
		{EB1F8053-90AE-4A5C-8456-3828495F5EE3}.Debug|arm64.Build.0 = Debug|Any CPU
		{EB1F8053-90AE-4A5C-8456-3828495F5EE3}.Debug|x64.ActiveCfg = Debug|Any CPU
		{EB1F8053-90AE-4A5C-8456-3828495F5EE3}.Debug|x64.Build.0 = Debug|Any CPU
		{EB1F8053-90AE-4A5C-8456-3828495F5EE3}.Debug|x86.ActiveCfg = Debug|Any CPU
		{EB1F8053-90AE-4A5C-8456-3828495F5EE3}.Debug|x86.Build.0 = Debug|Any CPU
		{EB1F8053-90AE-4A5C-8456-3828495F5EE3}.Release|Any CPU.ActiveCfg = Release|Any CPU
		{EB1F8053-90AE-4A5C-8456-3828495F5EE3}.Release|Any CPU.Build.0 = Release|Any CPU
		{EB1F8053-90AE-4A5C-8456-3828495F5EE3}.Release|arm64.ActiveCfg = Release|Any CPU
		{EB1F8053-90AE-4A5C-8456-3828495F5EE3}.Release|arm64.Build.0 = Release|Any CPU
		{EB1F8053-90AE-4A5C-8456-3828495F5EE3}.Release|x64.ActiveCfg = Release|Any CPU
		{EB1F8053-90AE-4A5C-8456-3828495F5EE3}.Release|x64.Build.0 = Release|Any CPU
		{EB1F8053-90AE-4A5C-8456-3828495F5EE3}.Release|x86.ActiveCfg = Release|Any CPU
		{EB1F8053-90AE-4A5C-8456-3828495F5EE3}.Release|x86.Build.0 = Release|Any CPU
	EndGlobalSection
	GlobalSection(SolutionProperties) = preSolution
		HideSolutionNode = FALSE
	EndGlobalSection
	GlobalSection(ExtensibilityGlobals) = postSolution
		SolutionGuid = {0904DBBD-24CF-4ACA-9766-62A3E5019988}
	EndGlobalSection
EndGlobal
